// !$*UTF8*$!
{
	archiveVersion = 1;
	classes = {
	};
	objectVersion = 50;
	objects = {

/* Begin PBXBuildFile section */
		605245AB221C1A9F00330A5C /* dateproToolstorestore_1024pt.png in Resources */ = {isa = PBXBuildFile; fileRef = 605245AA221C1A9F00330A5C /* dateproToolstorestore_1024pt.png */; };
		60D7B83921CA6FF700CE5F82 /* AppDelegate.swift in Sources */ = {isa = PBXBuildFile; fileRef = 60D7B83821CA6FF700CE5F82 /* AppDelegate.swift */; };
		60D7B83E21CA6FF700CE5F82 /* Main.storyboard in Resources */ = {isa = PBXBuildFile; fileRef = 60D7B83C21CA6FF700CE5F82 /* Main.storyboard */; };
		60D7B84021CA6FFB00CE5F82 /* Assets.xcassets in Resources */ = {isa = PBXBuildFile; fileRef = 60D7B83F21CA6FFB00CE5F82 /* Assets.xcassets */; };
		60D7B84321CA6FFB00CE5F82 /* LaunchScreen.storyboard in Resources */ = {isa = PBXBuildFile; fileRef = 60D7B84121CA6FFB00CE5F82 /* LaunchScreen.storyboard */; };
		60D7B85021CA70E000CE5F82 /* Extensions.swift in Sources */ = {isa = PBXBuildFile; fileRef = 60D7B84C21CA70E000CE5F82 /* Extensions.swift */; };
		60D7B85121CA70E000CE5F82 /* Constants.swift in Sources */ = {isa = PBXBuildFile; fileRef = 60D7B84D21CA70E000CE5F82 /* Constants.swift */; };
		60D7B85221CA70E000CE5F82 /* WHMainTabBarController.swift in Sources */ = {isa = PBXBuildFile; fileRef = 60D7B84E21CA70E000CE5F82 /* WHMainTabBarController.swift */; };
		60D7B85321CA70E000CE5F82 /* Protocols.swift in Sources */ = {isa = PBXBuildFile; fileRef = 60D7B84F21CA70E000CE5F82 /* Protocols.swift */; };
		60D7B85821CA70EE00CE5F82 /* CKLeapYearViewController.swift in Sources */ = {isa = PBXBuildFile; fileRef = 60D7B85421CA70EE00CE5F82 /* CKLeapYearViewController.swift */; };
		60D7B85921CA70EE00CE5F82 /* CKMonthAndWeekViewController.swift in Sources */ = {isa = PBXBuildFile; fileRef = 60D7B85521CA70EE00CE5F82 /* CKMonthAndWeekViewController.swift */; };
		60D7B85A21CA70EE00CE5F82 /* CKWeekMonthYearViewController.swift in Sources */ = {isa = PBXBuildFile; fileRef = 60D7B85621CA70EE00CE5F82 /* CKWeekMonthYearViewController.swift */; };
		60D7B85B21CA70EE00CE5F82 /* CKLeapYearOutputCell.swift in Sources */ = {isa = PBXBuildFile; fileRef = 60D7B85721CA70EE00CE5F82 /* CKLeapYearOutputCell.swift */; };
		60D7B86021CA70F800CE5F82 /* Weekday.swift in Sources */ = {isa = PBXBuildFile; fileRef = 60D7B85C21CA70F700CE5F82 /* Weekday.swift */; };
		60D7B86121CA70F800CE5F82 /* CKWeekdayViewController.swift in Sources */ = {isa = PBXBuildFile; fileRef = 60D7B85D21CA70F800CE5F82 /* CKWeekdayViewController.swift */; };
		60D7B86221CA70F800CE5F82 /* CKMonthJumpYearViewController.swift in Sources */ = {isa = PBXBuildFile; fileRef = 60D7B85E21CA70F800CE5F82 /* CKMonthJumpYearViewController.swift */; };
		60D7B86321CA70F800CE5F82 /* CKWeedayOutputCell.swift in Sources */ = {isa = PBXBuildFile; fileRef = 60D7B85F21CA70F800CE5F82 /* CKWeedayOutputCell.swift */; };
		60D7B86C21CA710500CE5F82 /* WHDateDifferenceViewController.swift in Sources */ = {isa = PBXBuildFile; fileRef = 60D7B86421CA710400CE5F82 /* WHDateDifferenceViewController.swift */; };
		60D7B86D21CA710500CE5F82 /* WHHomeViewController.swift in Sources */ = {isa = PBXBuildFile; fileRef = 60D7B86521CA710400CE5F82 /* WHHomeViewController.swift */; };
		60D7B86E21CA710500CE5F82 /* WHAddSubtractDateTableViewCell.swift in Sources */ = {isa = PBXBuildFile; fileRef = 60D7B86621CA710400CE5F82 /* WHAddSubtractDateTableViewCell.swift */; };
		60D7B86F21CA710500CE5F82 /* Home.xib in Resources */ = {isa = PBXBuildFile; fileRef = 60D7B86721CA710500CE5F82 /* Home.xib */; };
		60D7B87021CA710500CE5F82 /* WHAddSubtractDateViewController.swift in Sources */ = {isa = PBXBuildFile; fileRef = 60D7B86821CA710500CE5F82 /* WHAddSubtractDateViewController.swift */; };
		60D7B87121CA710500CE5F82 /* HomeView.swift in Sources */ = {isa = PBXBuildFile; fileRef = 60D7B86921CA710500CE5F82 /* HomeView.swift */; };
		60D7B87221CA710500CE5F82 /* WHDateDifferenceInputCell.swift in Sources */ = {isa = PBXBuildFile; fileRef = 60D7B86A21CA710500CE5F82 /* WHDateDifferenceInputCell.swift */; };
		60D7B87321CA710500CE5F82 /* DCDateDifferenceOutputCell.swift in Sources */ = {isa = PBXBuildFile; fileRef = 60D7B86B21CA710500CE5F82 /* DCDateDifferenceOutputCell.swift */; };
		60D7B89E21CA7A4700CE5F82 /* InfoPlist.strings in Resources */ = {isa = PBXBuildFile; fileRef = 60D7B8A021CA7A4700CE5F82 /* InfoPlist.strings */; };
		60D7B8F021CA7BD400CE5F82 /* Localizable.strings in Resources */ = {isa = PBXBuildFile; fileRef = 60D7B8F221CA7BD400CE5F82 /* Localizable.strings */; };
		60D7B90221CA7D2C00CE5F82 /* ToolManager.swift in Sources */ = {isa = PBXBuildFile; fileRef = 60D7B90121CA7D2C00CE5F82 /* ToolManager.swift */; };
		60D7B90421CA7D8A00CE5F82 /* TableListViewController.swift in Sources */ = {isa = PBXBuildFile; fileRef = 60D7B90321CA7D8A00CE5F82 /* TableListViewController.swift */; };
		60F1E92021DA470200A75FAB /* CKDateCalculatorViewController.m in Sources */ = {isa = PBXBuildFile; fileRef = 60F1E91F21DA470200A75FAB /* CKDateCalculatorViewController.m */; };
		60F1E92521DA4AEF00A75FAB /* libjcore-ios-1.2.0.a in Frameworks */ = {isa = PBXBuildFile; fileRef = 60F1E92221DA4AEF00A75FAB /* libjcore-ios-1.2.0.a */; };
		60F1E92621DA4AEF00A75FAB /* libjpush-ios-3.0.9.a in Frameworks */ = {isa = PBXBuildFile; fileRef = 60F1E92421DA4AEF00A75FAB /* libjpush-ios-3.0.9.a */; };
		60F1E92921DA4B1F00A75FAB /* libresolv.tbd in Frameworks */ = {isa = PBXBuildFile; fileRef = 60F1E92821DA4B1F00A75FAB /* libresolv.tbd */; };
		60F1E94D21DDCDE000A75FAB /* UIImage+WebP.m in Sources */ = {isa = PBXBuildFile; fileRef = 60F1E92C21DDCDDF00A75FAB /* UIImage+WebP.m */; };
		60F1E94E21DDCDE000A75FAB /* MKAnnotationView+WebCache.m in Sources */ = {isa = PBXBuildFile; fileRef = 60F1E92D21DDCDDF00A75FAB /* MKAnnotationView+WebCache.m */; };
		60F1E94F21DDCDE000A75FAB /* SDWebImageManager.m in Sources */ = {isa = PBXBuildFile; fileRef = 60F1E93021DDCDDF00A75FAB /* SDWebImageManager.m */; };
		60F1E95021DDCDE000A75FAB /* SDWebImageDecoder.m in Sources */ = {isa = PBXBuildFile; fileRef = 60F1E93121DDCDDF00A75FAB /* SDWebImageDecoder.m */; };
		60F1E95121DDCDE000A75FAB /* UIImageView+HighlightedWebCache.m in Sources */ = {isa = PBXBuildFile; fileRef = 60F1E93321DDCDE000A75FAB /* UIImageView+HighlightedWebCache.m */; };
		60F1E95221DDCDE000A75FAB /* SDWebImageDownloader.m in Sources */ = {isa = PBXBuildFile; fileRef = 60F1E93521DDCDE000A75FAB /* SDWebImageDownloader.m */; };
		60F1E95321DDCDE000A75FAB /* UIImage+GIF.m in Sources */ = {isa = PBXBuildFile; fileRef = 60F1E93621DDCDE000A75FAB /* UIImage+GIF.m */; };
		60F1E95421DDCDE000A75FAB /* UIImage+MultiFormat.m in Sources */ = {isa = PBXBuildFile; fileRef = 60F1E93821DDCDE000A75FAB /* UIImage+MultiFormat.m */; };
		60F1E95521DDCDE000A75FAB /* SDWebImageCompat.m in Sources */ = {isa = PBXBuildFile; fileRef = 60F1E93921DDCDE000A75FAB /* SDWebImageCompat.m */; };
		60F1E95621DDCDE000A75FAB /* SDWebImagePrefetcher.m in Sources */ = {isa = PBXBuildFile; fileRef = 60F1E93A21DDCDE000A75FAB /* SDWebImagePrefetcher.m */; };
		60F1E95721DDCDE000A75FAB /* SDImageCache.m in Sources */ = {isa = PBXBuildFile; fileRef = 60F1E93E21DDCDE000A75FAB /* SDImageCache.m */; };
		60F1E95821DDCDE000A75FAB /* SDWebImageDownloaderOperation.m in Sources */ = {isa = PBXBuildFile; fileRef = 60F1E94021DDCDE000A75FAB /* SDWebImageDownloaderOperation.m */; };
		60F1E95921DDCDE000A75FAB /* NSData+ImageContentType.m in Sources */ = {isa = PBXBuildFile; fileRef = 60F1E94321DDCDE000A75FAB /* NSData+ImageContentType.m */; };
		60F1E95A21DDCDE000A75FAB /* UIImageView+WebCache.m in Sources */ = {isa = PBXBuildFile; fileRef = 60F1E94421DDCDE000A75FAB /* UIImageView+WebCache.m */; };
		60F1E95B21DDCDE000A75FAB /* UIView+WebCacheOperation.m in Sources */ = {isa = PBXBuildFile; fileRef = 60F1E94721DDCDE000A75FAB /* UIView+WebCacheOperation.m */; };
		60F1E95C21DDCDE000A75FAB /* UIButton+WebCache.m in Sources */ = {isa = PBXBuildFile; fileRef = 60F1E94B21DDCDE000A75FAB /* UIButton+WebCache.m */; };
		60F1E96821DDCE6900A75FAB /* SVRadialGradientLayer.m in Sources */ = {isa = PBXBuildFile; fileRef = 60F1E95E21DDCE6900A75FAB /* SVRadialGradientLayer.m */; };
		60F1E96921DDCE6900A75FAB /* SVProgressAnimatedView.m in Sources */ = {isa = PBXBuildFile; fileRef = 60F1E96121DDCE6900A75FAB /* SVProgressAnimatedView.m */; };
		60F1E96A21DDCE6900A75FAB /* SVProgressHUD.m in Sources */ = {isa = PBXBuildFile; fileRef = 60F1E96421DDCE6900A75FAB /* SVProgressHUD.m */; };
		60F1E96B21DDCE6900A75FAB /* SVIndefiniteAnimatedView.m in Sources */ = {isa = PBXBuildFile; fileRef = 60F1E96521DDCE6900A75FAB /* SVIndefiniteAnimatedView.m */; };
		60F1E96C21DDCE6900A75FAB /* SVProgressHUD.bundle in Resources */ = {isa = PBXBuildFile; fileRef = 60F1E96621DDCE6900A75FAB /* SVProgressHUD.bundle */; };
/* End PBXBuildFile section */

/* Begin PBXFileReference section */
		605245AA221C1A9F00330A5C /* dateproToolstorestore_1024pt.png */ = {isa = PBXFileReference; lastKnownFileType = image.png; path = dateproToolstorestore_1024pt.png; sourceTree = "<group>"; };
		60D7B83521CA6FF700CE5F82 /* WHDateTool.app */ = {isa = PBXFileReference; explicitFileType = wrapper.application; includeInIndex = 0; path = WHDateTool.app; sourceTree = BUILT_PRODUCTS_DIR; };
		60D7B83821CA6FF700CE5F82 /* AppDelegate.swift */ = {isa = PBXFileReference; lastKnownFileType = sourcecode.swift; path = AppDelegate.swift; sourceTree = "<group>"; };
		60D7B83D21CA6FF700CE5F82 /* Base */ = {isa = PBXFileReference; lastKnownFileType = file.storyboard; name = Base; path = Base.lproj/Main.storyboard; sourceTree = "<group>"; };
		60D7B83F21CA6FFB00CE5F82 /* Assets.xcassets */ = {isa = PBXFileReference; lastKnownFileType = folder.assetcatalog; path = Assets.xcassets; sourceTree = "<group>"; };
		60D7B84221CA6FFB00CE5F82 /* Base */ = {isa = PBXFileReference; lastKnownFileType = file.storyboard; name = Base; path = Base.lproj/LaunchScreen.storyboard; sourceTree = "<group>"; };
		60D7B84421CA6FFB00CE5F82 /* Info.plist */ = {isa = PBXFileReference; lastKnownFileType = text.plist.xml; path = Info.plist; sourceTree = "<group>"; };
		60D7B84C21CA70E000CE5F82 /* Extensions.swift */ = {isa = PBXFileReference; fileEncoding = 4; lastKnownFileType = sourcecode.swift; path = Extensions.swift; sourceTree = "<group>"; };
		60D7B84D21CA70E000CE5F82 /* Constants.swift */ = {isa = PBXFileReference; fileEncoding = 4; lastKnownFileType = sourcecode.swift; path = Constants.swift; sourceTree = "<group>"; };
		60D7B84E21CA70E000CE5F82 /* WHMainTabBarController.swift */ = {isa = PBXFileReference; fileEncoding = 4; lastKnownFileType = sourcecode.swift; path = WHMainTabBarController.swift; sourceTree = "<group>"; };
		60D7B84F21CA70E000CE5F82 /* Protocols.swift */ = {isa = PBXFileReference; fileEncoding = 4; lastKnownFileType = sourcecode.swift; path = Protocols.swift; sourceTree = "<group>"; };
		60D7B85421CA70EE00CE5F82 /* CKLeapYearViewController.swift */ = {isa = PBXFileReference; fileEncoding = 4; lastKnownFileType = sourcecode.swift; path = CKLeapYearViewController.swift; sourceTree = "<group>"; };
		60D7B85521CA70EE00CE5F82 /* CKMonthAndWeekViewController.swift */ = {isa = PBXFileReference; fileEncoding = 4; lastKnownFileType = sourcecode.swift; path = CKMonthAndWeekViewController.swift; sourceTree = "<group>"; };
		60D7B85621CA70EE00CE5F82 /* CKWeekMonthYearViewController.swift */ = {isa = PBXFileReference; fileEncoding = 4; lastKnownFileType = sourcecode.swift; path = CKWeekMonthYearViewController.swift; sourceTree = "<group>"; };
		60D7B85721CA70EE00CE5F82 /* CKLeapYearOutputCell.swift */ = {isa = PBXFileReference; fileEncoding = 4; lastKnownFileType = sourcecode.swift; path = CKLeapYearOutputCell.swift; sourceTree = "<group>"; };
		60D7B85C21CA70F700CE5F82 /* Weekday.swift */ = {isa = PBXFileReference; fileEncoding = 4; lastKnownFileType = sourcecode.swift; path = Weekday.swift; sourceTree = "<group>"; };
		60D7B85D21CA70F800CE5F82 /* CKWeekdayViewController.swift */ = {isa = PBXFileReference; fileEncoding = 4; lastKnownFileType = sourcecode.swift; path = CKWeekdayViewController.swift; sourceTree = "<group>"; };
		60D7B85E21CA70F800CE5F82 /* CKMonthJumpYearViewController.swift */ = {isa = PBXFileReference; fileEncoding = 4; lastKnownFileType = sourcecode.swift; path = CKMonthJumpYearViewController.swift; sourceTree = "<group>"; };
		60D7B85F21CA70F800CE5F82 /* CKWeedayOutputCell.swift */ = {isa = PBXFileReference; fileEncoding = 4; lastKnownFileType = sourcecode.swift; path = CKWeedayOutputCell.swift; sourceTree = "<group>"; };
		60D7B86421CA710400CE5F82 /* WHDateDifferenceViewController.swift */ = {isa = PBXFileReference; fileEncoding = 4; lastKnownFileType = sourcecode.swift; path = WHDateDifferenceViewController.swift; sourceTree = "<group>"; };
		60D7B86521CA710400CE5F82 /* WHHomeViewController.swift */ = {isa = PBXFileReference; fileEncoding = 4; lastKnownFileType = sourcecode.swift; path = WHHomeViewController.swift; sourceTree = "<group>"; };
		60D7B86621CA710400CE5F82 /* WHAddSubtractDateTableViewCell.swift */ = {isa = PBXFileReference; fileEncoding = 4; lastKnownFileType = sourcecode.swift; path = WHAddSubtractDateTableViewCell.swift; sourceTree = "<group>"; };
		60D7B86721CA710500CE5F82 /* Home.xib */ = {isa = PBXFileReference; fileEncoding = 4; lastKnownFileType = file.xib; path = Home.xib; sourceTree = "<group>"; };
		60D7B86821CA710500CE5F82 /* WHAddSubtractDateViewController.swift */ = {isa = PBXFileReference; fileEncoding = 4; lastKnownFileType = sourcecode.swift; path = WHAddSubtractDateViewController.swift; sourceTree = "<group>"; };
		60D7B86921CA710500CE5F82 /* HomeView.swift */ = {isa = PBXFileReference; fileEncoding = 4; lastKnownFileType = sourcecode.swift; path = HomeView.swift; sourceTree = "<group>"; };
		60D7B86A21CA710500CE5F82 /* WHDateDifferenceInputCell.swift */ = {isa = PBXFileReference; fileEncoding = 4; lastKnownFileType = sourcecode.swift; path = WHDateDifferenceInputCell.swift; sourceTree = "<group>"; };
		60D7B86B21CA710500CE5F82 /* DCDateDifferenceOutputCell.swift */ = {isa = PBXFileReference; fileEncoding = 4; lastKnownFileType = sourcecode.swift; path = DCDateDifferenceOutputCell.swift; sourceTree = "<group>"; };
		60D7B87821CA792500CE5F82 /* zh-Hant */ = {isa = PBXFileReference; lastKnownFileType = text.plist.strings; name = "zh-Hant"; path = "zh-Hant.lproj/Main.strings"; sourceTree = "<group>"; };
		60D7B87921CA792500CE5F82 /* zh-Hant */ = {isa = PBXFileReference; lastKnownFileType = text.plist.strings; name = "zh-Hant"; path = "zh-Hant.lproj/LaunchScreen.strings"; sourceTree = "<group>"; };
		60D7B87A21CA792D00CE5F82 /* ja */ = {isa = PBXFileReference; lastKnownFileType = text.plist.strings; name = ja; path = ja.lproj/Main.strings; sourceTree = "<group>"; };
		60D7B87B21CA792D00CE5F82 /* ja */ = {isa = PBXFileReference; lastKnownFileType = text.plist.strings; name = ja; path = ja.lproj/LaunchScreen.strings; sourceTree = "<group>"; };
		60D7B87C21CA793500CE5F82 /* ru */ = {isa = PBXFileReference; lastKnownFileType = text.plist.strings; name = ru; path = ru.lproj/Main.strings; sourceTree = "<group>"; };
		60D7B87D21CA793500CE5F82 /* ru */ = {isa = PBXFileReference; lastKnownFileType = text.plist.strings; name = ru; path = ru.lproj/LaunchScreen.strings; sourceTree = "<group>"; };
		60D7B87E21CA794300CE5F82 /* es */ = {isa = PBXFileReference; lastKnownFileType = text.plist.strings; name = es; path = es.lproj/Main.strings; sourceTree = "<group>"; };
		60D7B87F21CA794400CE5F82 /* es */ = {isa = PBXFileReference; lastKnownFileType = text.plist.strings; name = es; path = es.lproj/LaunchScreen.strings; sourceTree = "<group>"; };
		60D7B88221CA797700CE5F82 /* it */ = {isa = PBXFileReference; lastKnownFileType = text.plist.strings; name = it; path = it.lproj/Main.strings; sourceTree = "<group>"; };
		60D7B88321CA797700CE5F82 /* it */ = {isa = PBXFileReference; lastKnownFileType = text.plist.strings; name = it; path = it.lproj/LaunchScreen.strings; sourceTree = "<group>"; };
		60D7B89F21CA7A4700CE5F82 /* en */ = {isa = PBXFileReference; lastKnownFileType = text.plist.strings; name = en; path = en.lproj/InfoPlist.strings; sourceTree = "<group>"; };
		60D7B8A221CA7A4B00CE5F82 /* zh-Hant */ = {isa = PBXFileReference; lastKnownFileType = text.plist.strings; name = "zh-Hant"; path = "zh-Hant.lproj/InfoPlist.strings"; sourceTree = "<group>"; };
		60D7B8A321CA7A5200CE5F82 /* ja */ = {isa = PBXFileReference; lastKnownFileType = text.plist.strings; name = ja; path = ja.lproj/InfoPlist.strings; sourceTree = "<group>"; };
		60D7B8A421CA7A5300CE5F82 /* ru */ = {isa = PBXFileReference; lastKnownFileType = text.plist.strings; name = ru; path = ru.lproj/InfoPlist.strings; sourceTree = "<group>"; };
		60D7B8A521CA7A5400CE5F82 /* es */ = {isa = PBXFileReference; lastKnownFileType = text.plist.strings; name = es; path = es.lproj/InfoPlist.strings; sourceTree = "<group>"; };
		60D7B8A721CA7A5800CE5F82 /* it */ = {isa = PBXFileReference; lastKnownFileType = text.plist.strings; name = it; path = it.lproj/InfoPlist.strings; sourceTree = "<group>"; };
		60D7B8ED21CA7B9200CE5F82 /* de */ = {isa = PBXFileReference; lastKnownFileType = text.plist.strings; name = de; path = de.lproj/InfoPlist.strings; sourceTree = "<group>"; };
		60D7B8F121CA7BD400CE5F82 /* en */ = {isa = PBXFileReference; lastKnownFileType = text.plist.strings; name = en; path = en.lproj/Localizable.strings; sourceTree = "<group>"; };
		60D7B8F421CA7BD700CE5F82 /* zh-Hant */ = {isa = PBXFileReference; lastKnownFileType = text.plist.strings; name = "zh-Hant"; path = "zh-Hant.lproj/Localizable.strings"; sourceTree = "<group>"; };
		60D7B8F521CA7BD800CE5F82 /* ja */ = {isa = PBXFileReference; lastKnownFileType = text.plist.strings; name = ja; path = ja.lproj/Localizable.strings; sourceTree = "<group>"; };
		60D7B8F621CA7BD900CE5F82 /* es */ = {isa = PBXFileReference; lastKnownFileType = text.plist.strings; name = es; path = es.lproj/Localizable.strings; sourceTree = "<group>"; };
		60D7B8F721CA7BDE00CE5F82 /* ru */ = {isa = PBXFileReference; lastKnownFileType = text.plist.strings; name = ru; path = ru.lproj/Localizable.strings; sourceTree = "<group>"; };
		60D7B8F821CA7BDF00CE5F82 /* it */ = {isa = PBXFileReference; lastKnownFileType = text.plist.strings; name = it; path = it.lproj/Localizable.strings; sourceTree = "<group>"; };
		60D7B8F921CA7BE100CE5F82 /* de */ = {isa = PBXFileReference; lastKnownFileType = text.plist.strings; name = de; path = de.lproj/Localizable.strings; sourceTree = "<group>"; };
		60D7B8FA21CA7BED00CE5F82 /* ko */ = {isa = PBXFileReference; lastKnownFileType = text.plist.strings; name = ko; path = ko.lproj/Localizable.strings; sourceTree = "<group>"; };
		60D7B8FB21CA7BF500CE5F82 /* ko */ = {isa = PBXFileReference; lastKnownFileType = text.plist.strings; name = ko; path = ko.lproj/InfoPlist.strings; sourceTree = "<group>"; };
		60D7B90121CA7D2C00CE5F82 /* ToolManager.swift */ = {isa = PBXFileReference; lastKnownFileType = sourcecode.swift; path = ToolManager.swift; sourceTree = "<group>"; };
		60D7B90321CA7D8A00CE5F82 /* TableListViewController.swift */ = {isa = PBXFileReference; lastKnownFileType = sourcecode.swift; path = TableListViewController.swift; sourceTree = "<group>"; };
		60F1E91D21DA470100A75FAB /* WHDateTool-Bridging-Header.h */ = {isa = PBXFileReference; lastKnownFileType = sourcecode.c.h; path = "WHDateTool-Bridging-Header.h"; sourceTree = "<group>"; };
		60F1E91E21DA470200A75FAB /* CKDateCalculatorViewController.h */ = {isa = PBXFileReference; lastKnownFileType = sourcecode.c.h; path = CKDateCalculatorViewController.h; sourceTree = "<group>"; };
		60F1E91F21DA470200A75FAB /* CKDateCalculatorViewController.m */ = {isa = PBXFileReference; lastKnownFileType = sourcecode.c.objc; path = CKDateCalculatorViewController.m; sourceTree = "<group>"; };
		60F1E92221DA4AEF00A75FAB /* libjcore-ios-1.2.0.a */ = {isa = PBXFileReference; lastKnownFileType = archive.ar; path = "libjcore-ios-1.2.0.a"; sourceTree = "<group>"; };
		60F1E92321DA4AEF00A75FAB /* JPUSHService.h */ = {isa = PBXFileReference; fileEncoding = 4; lastKnownFileType = sourcecode.c.h; path = JPUSHService.h; sourceTree = "<group>"; };
		60F1E92421DA4AEF00A75FAB /* libjpush-ios-3.0.9.a */ = {isa = PBXFileReference; lastKnownFileType = archive.ar; path = "libjpush-ios-3.0.9.a"; sourceTree = "<group>"; };
		60F1E92821DA4B1F00A75FAB /* libresolv.tbd */ = {isa = PBXFileReference; lastKnownFileType = "sourcecode.text-based-dylib-definition"; name = libresolv.tbd; path = usr/lib/libresolv.tbd; sourceTree = SDKROOT; };
		60F1E92A21DA4EE100A75FAB /* WHDateTool.entitlements */ = {isa = PBXFileReference; lastKnownFileType = text.plist.entitlements; path = WHDateTool.entitlements; sourceTree = "<group>"; };
		60F1E92C21DDCDDF00A75FAB /* UIImage+WebP.m */ = {isa = PBXFileReference; fileEncoding = 4; lastKnownFileType = sourcecode.c.objc; path = "UIImage+WebP.m"; sourceTree = "<group>"; };
		60F1E92D21DDCDDF00A75FAB /* MKAnnotationView+WebCache.m */ = {isa = PBXFileReference; fileEncoding = 4; lastKnownFileType = sourcecode.c.objc; path = "MKAnnotationView+WebCache.m"; sourceTree = "<group>"; };
		60F1E92E21DDCDDF00A75FAB /* UIImageView+WebCache.h */ = {isa = PBXFileReference; fileEncoding = 4; lastKnownFileType = sourcecode.c.h; path = "UIImageView+WebCache.h"; sourceTree = "<group>"; };
		60F1E92F21DDCDDF00A75FAB /* NSData+ImageContentType.h */ = {isa = PBXFileReference; fileEncoding = 4; lastKnownFileType = sourcecode.c.h; path = "NSData+ImageContentType.h"; sourceTree = "<group>"; };
		60F1E93021DDCDDF00A75FAB /* SDWebImageManager.m */ = {isa = PBXFileReference; fileEncoding = 4; lastKnownFileType = sourcecode.c.objc; path = SDWebImageManager.m; sourceTree = "<group>"; };
		60F1E93121DDCDDF00A75FAB /* SDWebImageDecoder.m */ = {isa = PBXFileReference; fileEncoding = 4; lastKnownFileType = sourcecode.c.objc; path = SDWebImageDecoder.m; sourceTree = "<group>"; };
		60F1E93221DDCDE000A75FAB /* SDWebImageDownloaderOperation.h */ = {isa = PBXFileReference; fileEncoding = 4; lastKnownFileType = sourcecode.c.h; path = SDWebImageDownloaderOperation.h; sourceTree = "<group>"; };
		60F1E93321DDCDE000A75FAB /* UIImageView+HighlightedWebCache.m */ = {isa = PBXFileReference; fileEncoding = 4; lastKnownFileType = sourcecode.c.objc; path = "UIImageView+HighlightedWebCache.m"; sourceTree = "<group>"; };
		60F1E93421DDCDE000A75FAB /* SDImageCache.h */ = {isa = PBXFileReference; fileEncoding = 4; lastKnownFileType = sourcecode.c.h; path = SDImageCache.h; sourceTree = "<group>"; };
		60F1E93521DDCDE000A75FAB /* SDWebImageDownloader.m */ = {isa = PBXFileReference; fileEncoding = 4; lastKnownFileType = sourcecode.c.objc; path = SDWebImageDownloader.m; sourceTree = "<group>"; };
		60F1E93621DDCDE000A75FAB /* UIImage+GIF.m */ = {isa = PBXFileReference; fileEncoding = 4; lastKnownFileType = sourcecode.c.objc; path = "UIImage+GIF.m"; sourceTree = "<group>"; };
		60F1E93721DDCDE000A75FAB /* UIButton+WebCache.h */ = {isa = PBXFileReference; fileEncoding = 4; lastKnownFileType = sourcecode.c.h; path = "UIButton+WebCache.h"; sourceTree = "<group>"; };
		60F1E93821DDCDE000A75FAB /* UIImage+MultiFormat.m */ = {isa = PBXFileReference; fileEncoding = 4; lastKnownFileType = sourcecode.c.objc; path = "UIImage+MultiFormat.m"; sourceTree = "<group>"; };
		60F1E93921DDCDE000A75FAB /* SDWebImageCompat.m */ = {isa = PBXFileReference; fileEncoding = 4; lastKnownFileType = sourcecode.c.objc; path = SDWebImageCompat.m; sourceTree = "<group>"; };
		60F1E93A21DDCDE000A75FAB /* SDWebImagePrefetcher.m */ = {isa = PBXFileReference; fileEncoding = 4; lastKnownFileType = sourcecode.c.objc; path = SDWebImagePrefetcher.m; sourceTree = "<group>"; };
		60F1E93B21DDCDE000A75FAB /* UIView+WebCacheOperation.h */ = {isa = PBXFileReference; fileEncoding = 4; lastKnownFileType = sourcecode.c.h; path = "UIView+WebCacheOperation.h"; sourceTree = "<group>"; };
		60F1E93C21DDCDE000A75FAB /* MKAnnotationView+WebCache.h */ = {isa = PBXFileReference; fileEncoding = 4; lastKnownFileType = sourcecode.c.h; path = "MKAnnotationView+WebCache.h"; sourceTree = "<group>"; };
		60F1E93D21DDCDE000A75FAB /* UIImage+WebP.h */ = {isa = PBXFileReference; fileEncoding = 4; lastKnownFileType = sourcecode.c.h; path = "UIImage+WebP.h"; sourceTree = "<group>"; };
		60F1E93E21DDCDE000A75FAB /* SDImageCache.m */ = {isa = PBXFileReference; fileEncoding = 4; lastKnownFileType = sourcecode.c.objc; path = SDImageCache.m; sourceTree = "<group>"; };
		60F1E93F21DDCDE000A75FAB /* UIImageView+HighlightedWebCache.h */ = {isa = PBXFileReference; fileEncoding = 4; lastKnownFileType = sourcecode.c.h; path = "UIImageView+HighlightedWebCache.h"; sourceTree = "<group>"; };
		60F1E94021DDCDE000A75FAB /* SDWebImageDownloaderOperation.m */ = {isa = PBXFileReference; fileEncoding = 4; lastKnownFileType = sourcecode.c.objc; path = SDWebImageDownloaderOperation.m; sourceTree = "<group>"; };
		60F1E94121DDCDE000A75FAB /* SDWebImageDecoder.h */ = {isa = PBXFileReference; fileEncoding = 4; lastKnownFileType = sourcecode.c.h; path = SDWebImageDecoder.h; sourceTree = "<group>"; };
		60F1E94221DDCDE000A75FAB /* SDWebImageManager.h */ = {isa = PBXFileReference; fileEncoding = 4; lastKnownFileType = sourcecode.c.h; path = SDWebImageManager.h; sourceTree = "<group>"; };
		60F1E94321DDCDE000A75FAB /* NSData+ImageContentType.m */ = {isa = PBXFileReference; fileEncoding = 4; lastKnownFileType = sourcecode.c.objc; path = "NSData+ImageContentType.m"; sourceTree = "<group>"; };
		60F1E94421DDCDE000A75FAB /* UIImageView+WebCache.m */ = {isa = PBXFileReference; fileEncoding = 4; lastKnownFileType = sourcecode.c.objc; path = "UIImageView+WebCache.m"; sourceTree = "<group>"; };
		60F1E94521DDCDE000A75FAB /* SDWebImageOperation.h */ = {isa = PBXFileReference; fileEncoding = 4; lastKnownFileType = sourcecode.c.h; path = SDWebImageOperation.h; sourceTree = "<group>"; };
		60F1E94621DDCDE000A75FAB /* SDWebImageDownloader.h */ = {isa = PBXFileReference; fileEncoding = 4; lastKnownFileType = sourcecode.c.h; path = SDWebImageDownloader.h; sourceTree = "<group>"; };
		60F1E94721DDCDE000A75FAB /* UIView+WebCacheOperation.m */ = {isa = PBXFileReference; fileEncoding = 4; lastKnownFileType = sourcecode.c.objc; path = "UIView+WebCacheOperation.m"; sourceTree = "<group>"; };
		60F1E94821DDCDE000A75FAB /* SDWebImagePrefetcher.h */ = {isa = PBXFileReference; fileEncoding = 4; lastKnownFileType = sourcecode.c.h; path = SDWebImagePrefetcher.h; sourceTree = "<group>"; };
		60F1E94921DDCDE000A75FAB /* SDWebImageCompat.h */ = {isa = PBXFileReference; fileEncoding = 4; lastKnownFileType = sourcecode.c.h; path = SDWebImageCompat.h; sourceTree = "<group>"; };
		60F1E94A21DDCDE000A75FAB /* UIImage+MultiFormat.h */ = {isa = PBXFileReference; fileEncoding = 4; lastKnownFileType = sourcecode.c.h; path = "UIImage+MultiFormat.h"; sourceTree = "<group>"; };
		60F1E94B21DDCDE000A75FAB /* UIButton+WebCache.m */ = {isa = PBXFileReference; fileEncoding = 4; lastKnownFileType = sourcecode.c.objc; path = "UIButton+WebCache.m"; sourceTree = "<group>"; };
		60F1E94C21DDCDE000A75FAB /* UIImage+GIF.h */ = {isa = PBXFileReference; fileEncoding = 4; lastKnownFileType = sourcecode.c.h; path = "UIImage+GIF.h"; sourceTree = "<group>"; };
		60F1E95E21DDCE6900A75FAB /* SVRadialGradientLayer.m */ = {isa = PBXFileReference; fileEncoding = 4; lastKnownFileType = sourcecode.c.objc; path = SVRadialGradientLayer.m; sourceTree = "<group>"; };
		60F1E95F21DDCE6900A75FAB /* SVIndefiniteAnimatedView.h */ = {isa = PBXFileReference; fileEncoding = 4; lastKnownFileType = sourcecode.c.h; path = SVIndefiniteAnimatedView.h; sourceTree = "<group>"; };
		60F1E96021DDCE6900A75FAB /* SVProgressHUD.h */ = {isa = PBXFileReference; fileEncoding = 4; lastKnownFileType = sourcecode.c.h; path = SVProgressHUD.h; sourceTree = "<group>"; };
		60F1E96121DDCE6900A75FAB /* SVProgressAnimatedView.m */ = {isa = PBXFileReference; fileEncoding = 4; lastKnownFileType = sourcecode.c.objc; path = SVProgressAnimatedView.m; sourceTree = "<group>"; };
		60F1E96221DDCE6900A75FAB /* SVProgressHUD-Prefix.pch */ = {isa = PBXFileReference; fileEncoding = 4; lastKnownFileType = sourcecode.c.h; path = "SVProgressHUD-Prefix.pch"; sourceTree = "<group>"; };
		60F1E96321DDCE6900A75FAB /* SVRadialGradientLayer.h */ = {isa = PBXFileReference; fileEncoding = 4; lastKnownFileType = sourcecode.c.h; path = SVRadialGradientLayer.h; sourceTree = "<group>"; };
		60F1E96421DDCE6900A75FAB /* SVProgressHUD.m */ = {isa = PBXFileReference; fileEncoding = 4; lastKnownFileType = sourcecode.c.objc; path = SVProgressHUD.m; sourceTree = "<group>"; };
		60F1E96521DDCE6900A75FAB /* SVIndefiniteAnimatedView.m */ = {isa = PBXFileReference; fileEncoding = 4; lastKnownFileType = sourcecode.c.objc; path = SVIndefiniteAnimatedView.m; sourceTree = "<group>"; };
		60F1E96621DDCE6900A75FAB /* SVProgressHUD.bundle */ = {isa = PBXFileReference; lastKnownFileType = "wrapper.plug-in"; path = SVProgressHUD.bundle; sourceTree = "<group>"; };
		60F1E96721DDCE6900A75FAB /* SVProgressAnimatedView.h */ = {isa = PBXFileReference; fileEncoding = 4; lastKnownFileType = sourcecode.c.h; path = SVProgressAnimatedView.h; sourceTree = "<group>"; };
/* End PBXFileReference section */

/* Begin PBXFrameworksBuildPhase section */
		60D7B83221CA6FF700CE5F82 /* Frameworks */ = {
			isa = PBXFrameworksBuildPhase;
			buildActionMask = 2147483647;
			files = (
				60F1E92921DA4B1F00A75FAB /* libresolv.tbd in Frameworks */,
				60F1E92521DA4AEF00A75FAB /* libjcore-ios-1.2.0.a in Frameworks */,
				60F1E92621DA4AEF00A75FAB /* libjpush-ios-3.0.9.a in Frameworks */,
			);
			runOnlyForDeploymentPostprocessing = 0;
		};
/* End PBXFrameworksBuildPhase section */

/* Begin PBXGroup section */
		605245A8221C1A4B00330A5C /* VC */ = {
			isa = PBXGroup;
			children = (
				60D7B85D21CA70F800CE5F82 /* CKWeekdayViewController.swift */,
				60D7B90321CA7D8A00CE5F82 /* TableListViewController.swift */,
				60F1E91E21DA470200A75FAB /* CKDateCalculatorViewController.h */,
				60F1E91F21DA470200A75FAB /* CKDateCalculatorViewController.m */,
				60D7B85421CA70EE00CE5F82 /* CKLeapYearViewController.swift */,
				60D7B85521CA70EE00CE5F82 /* CKMonthAndWeekViewController.swift */,
				60D7B85621CA70EE00CE5F82 /* CKWeekMonthYearViewController.swift */,
				60D7B85E21CA70F800CE5F82 /* CKMonthJumpYearViewController.swift */,
			);
			path = VC;
			sourceTree = "<group>";
		};
		605245A9221C1A6600330A5C /* View */ = {
			isa = PBXGroup;
			children = (
				60D7B86621CA710400CE5F82 /* WHAddSubtractDateTableViewCell.swift */,
				60D7B86821CA710500CE5F82 /* WHAddSubtractDateViewController.swift */,
				60D7B86A21CA710500CE5F82 /* WHDateDifferenceInputCell.swift */,
				60D7B86B21CA710500CE5F82 /* DCDateDifferenceOutputCell.swift */,
				60D7B85721CA70EE00CE5F82 /* CKLeapYearOutputCell.swift */,
				60D7B85F21CA70F800CE5F82 /* CKWeedayOutputCell.swift */,
			);
			path = View;
			sourceTree = "<group>";
		};
		60D7B82C21CA6FF700CE5F82 = {
			isa = PBXGroup;
			children = (
				60D7B83721CA6FF700CE5F82 /* WHDateTool */,
				60D7B83621CA6FF700CE5F82 /* Products */,
				60F1E92721DA4B1F00A75FAB /* Frameworks */,
			);
			sourceTree = "<group>";
		};
		60D7B83621CA6FF700CE5F82 /* Products */ = {
			isa = PBXGroup;
			children = (
				60D7B83521CA6FF700CE5F82 /* WHDateTool.app */,
			);
			name = Products;
			sourceTree = "<group>";
		};
		60D7B83721CA6FF700CE5F82 /* WHDateTool */ = {
			isa = PBXGroup;
			children = (
				60F1E92A21DA4EE100A75FAB /* WHDateTool.entitlements */,
				605245AA221C1A9F00330A5C /* dateproToolstorestore_1024pt.png */,
				60D7B84B21CA703600CE5F82 /* ToolClass */,
				60D7B84A21CA701500CE5F82 /* DateClass */,
				60D7B83821CA6FF700CE5F82 /* AppDelegate.swift */,
				60D7B84E21CA70E000CE5F82 /* WHMainTabBarController.swift */,
				60D7B83C21CA6FF700CE5F82 /* Main.storyboard */,
				60D7B83F21CA6FFB00CE5F82 /* Assets.xcassets */,
				60D7B84121CA6FFB00CE5F82 /* LaunchScreen.storyboard */,
				60D7B84421CA6FFB00CE5F82 /* Info.plist */,
			);
			path = WHDateTool;
			sourceTree = "<group>";
		};
		60D7B84A21CA701500CE5F82 /* DateClass */ = {
			isa = PBXGroup;
			children = (
				60D7B8FC21CA7CBE00CE5F82 /* Difference */,
				60D7B8FE21CA7CEB00CE5F82 /* weekday */,
				60D7B8FD21CA7CD600CE5F82 /* add */,
				60D7B8FF21CA7CF700CE5F82 /* leapyear */,
				60D7B8F221CA7BD400CE5F82 /* Localizable.strings */,
				60D7B8A021CA7A4700CE5F82 /* InfoPlist.strings */,
			);
			path = DateClass;
			sourceTree = "<group>";
		};
		60D7B84B21CA703600CE5F82 /* ToolClass */ = {
			isa = PBXGroup;
			children = (
				60F1E95D21DDCE6900A75FAB /* SVProgressHUD */,
				60F1E92B21DDCDDF00A75FAB /* SDWebImage */,
				60F1E92121DA4AEF00A75FAB /* Jpush */,
				60D7B90021CA7D1000CE5F82 /* toolManager */,
				60D7B90121CA7D2C00CE5F82 /* ToolManager.swift */,
			);
			path = ToolClass;
			sourceTree = "<group>";
		};
		60D7B8FC21CA7CBE00CE5F82 /* Difference */ = {
			isa = PBXGroup;
			children = (
				605245A9221C1A6600330A5C /* View */,
				605245A8221C1A4B00330A5C /* VC */,
				60F1E91D21DA470100A75FAB /* WHDateTool-Bridging-Header.h */,
			);
			path = Difference;
			sourceTree = "<group>";
		};
		60D7B8FD21CA7CD600CE5F82 /* add */ = {
			isa = PBXGroup;
			children = (
			);
			path = add;
			sourceTree = "<group>";
		};
		60D7B8FE21CA7CEB00CE5F82 /* weekday */ = {
			isa = PBXGroup;
			children = (
				60D7B85C21CA70F700CE5F82 /* Weekday.swift */,
			);
			path = weekday;
			sourceTree = "<group>";
		};
		60D7B8FF21CA7CF700CE5F82 /* leapyear */ = {
			isa = PBXGroup;
			children = (
				60D7B86421CA710400CE5F82 /* WHDateDifferenceViewController.swift */,
				60D7B86521CA710400CE5F82 /* WHHomeViewController.swift */,
				60D7B86721CA710500CE5F82 /* Home.xib */,
				60D7B86921CA710500CE5F82 /* HomeView.swift */,
			);
			path = leapyear;
			sourceTree = "<group>";
		};
		60D7B90021CA7D1000CE5F82 /* toolManager */ = {
			isa = PBXGroup;
			children = (
				60D7B84D21CA70E000CE5F82 /* Constants.swift */,
				60D7B84C21CA70E000CE5F82 /* Extensions.swift */,
				60D7B84F21CA70E000CE5F82 /* Protocols.swift */,
			);
			path = toolManager;
			sourceTree = "<group>";
		};
		60F1E92121DA4AEF00A75FAB /* Jpush */ = {
			isa = PBXGroup;
			children = (
				60F1E92221DA4AEF00A75FAB /* libjcore-ios-1.2.0.a */,
				60F1E92321DA4AEF00A75FAB /* JPUSHService.h */,
				60F1E92421DA4AEF00A75FAB /* libjpush-ios-3.0.9.a */,
			);
			path = Jpush;
			sourceTree = "<group>";
		};
		60F1E92721DA4B1F00A75FAB /* Frameworks */ = {
			isa = PBXGroup;
			children = (
				60F1E92821DA4B1F00A75FAB /* libresolv.tbd */,
			);
			name = Frameworks;
			sourceTree = "<group>";
		};
		60F1E92B21DDCDDF00A75FAB /* SDWebImage */ = {
			isa = PBXGroup;
			children = (
				60F1E92C21DDCDDF00A75FAB /* UIImage+WebP.m */,
				60F1E92D21DDCDDF00A75FAB /* MKAnnotationView+WebCache.m */,
				60F1E92E21DDCDDF00A75FAB /* UIImageView+WebCache.h */,
				60F1E92F21DDCDDF00A75FAB /* NSData+ImageContentType.h */,
				60F1E93021DDCDDF00A75FAB /* SDWebImageManager.m */,
				60F1E93121DDCDDF00A75FAB /* SDWebImageDecoder.m */,
				60F1E93221DDCDE000A75FAB /* SDWebImageDownloaderOperation.h */,
				60F1E93321DDCDE000A75FAB /* UIImageView+HighlightedWebCache.m */,
				60F1E93421DDCDE000A75FAB /* SDImageCache.h */,
				60F1E93521DDCDE000A75FAB /* SDWebImageDownloader.m */,
				60F1E93621DDCDE000A75FAB /* UIImage+GIF.m */,
				60F1E93721DDCDE000A75FAB /* UIButton+WebCache.h */,
				60F1E93821DDCDE000A75FAB /* UIImage+MultiFormat.m */,
				60F1E93921DDCDE000A75FAB /* SDWebImageCompat.m */,
				60F1E93A21DDCDE000A75FAB /* SDWebImagePrefetcher.m */,
				60F1E93B21DDCDE000A75FAB /* UIView+WebCacheOperation.h */,
				60F1E93C21DDCDE000A75FAB /* MKAnnotationView+WebCache.h */,
				60F1E93D21DDCDE000A75FAB /* UIImage+WebP.h */,
				60F1E93E21DDCDE000A75FAB /* SDImageCache.m */,
				60F1E93F21DDCDE000A75FAB /* UIImageView+HighlightedWebCache.h */,
				60F1E94021DDCDE000A75FAB /* SDWebImageDownloaderOperation.m */,
				60F1E94121DDCDE000A75FAB /* SDWebImageDecoder.h */,
				60F1E94221DDCDE000A75FAB /* SDWebImageManager.h */,
				60F1E94321DDCDE000A75FAB /* NSData+ImageContentType.m */,
				60F1E94421DDCDE000A75FAB /* UIImageView+WebCache.m */,
				60F1E94521DDCDE000A75FAB /* SDWebImageOperation.h */,
				60F1E94621DDCDE000A75FAB /* SDWebImageDownloader.h */,
				60F1E94721DDCDE000A75FAB /* UIView+WebCacheOperation.m */,
				60F1E94821DDCDE000A75FAB /* SDWebImagePrefetcher.h */,
				60F1E94921DDCDE000A75FAB /* SDWebImageCompat.h */,
				60F1E94A21DDCDE000A75FAB /* UIImage+MultiFormat.h */,
				60F1E94B21DDCDE000A75FAB /* UIButton+WebCache.m */,
				60F1E94C21DDCDE000A75FAB /* UIImage+GIF.h */,
			);
			path = SDWebImage;
			sourceTree = "<group>";
		};
		60F1E95D21DDCE6900A75FAB /* SVProgressHUD */ = {
			isa = PBXGroup;
			children = (
				60F1E95E21DDCE6900A75FAB /* SVRadialGradientLayer.m */,
				60F1E95F21DDCE6900A75FAB /* SVIndefiniteAnimatedView.h */,
				60F1E96021DDCE6900A75FAB /* SVProgressHUD.h */,
				60F1E96121DDCE6900A75FAB /* SVProgressAnimatedView.m */,
				60F1E96221DDCE6900A75FAB /* SVProgressHUD-Prefix.pch */,
				60F1E96321DDCE6900A75FAB /* SVRadialGradientLayer.h */,
				60F1E96421DDCE6900A75FAB /* SVProgressHUD.m */,
				60F1E96521DDCE6900A75FAB /* SVIndefiniteAnimatedView.m */,
				60F1E96621DDCE6900A75FAB /* SVProgressHUD.bundle */,
				60F1E96721DDCE6900A75FAB /* SVProgressAnimatedView.h */,
			);
			path = SVProgressHUD;
			sourceTree = "<group>";
		};
/* End PBXGroup section */

/* Begin PBXNativeTarget section */
		60D7B83421CA6FF700CE5F82 /* WHDateTool */ = {
			isa = PBXNativeTarget;
			buildConfigurationList = 60D7B84721CA6FFB00CE5F82 /* Build configuration list for PBXNativeTarget "WHDateTool" */;
			buildPhases = (
				60D7B83121CA6FF700CE5F82 /* Sources */,
				60D7B83221CA6FF700CE5F82 /* Frameworks */,
				60D7B83321CA6FF700CE5F82 /* Resources */,
			);
			buildRules = (
			);
			dependencies = (
			);
			name = WHDateTool;
			productName = WHDateTool;
			productReference = 60D7B83521CA6FF700CE5F82 /* WHDateTool.app */;
			productType = "com.apple.product-type.application";
		};
/* End PBXNativeTarget section */

/* Begin PBXProject section */
		60D7B82D21CA6FF700CE5F82 /* Project object */ = {
			isa = PBXProject;
			attributes = {
				LastSwiftUpdateCheck = 1010;
				LastUpgradeCheck = 1010;
				ORGANIZATIONNAME = WH;
				TargetAttributes = {
					60D7B83421CA6FF700CE5F82 = {
						CreatedOnToolsVersion = 10.1;
						LastSwiftMigration = 1010;
						SystemCapabilities = {
							com.apple.Push = {
								enabled = 1;
							};
						};
					};
				};
			};
			buildConfigurationList = 60D7B83021CA6FF700CE5F82 /* Build configuration list for PBXProject "WHDateTool" */;
			compatibilityVersion = "Xcode 9.3";
			developmentRegion = en;
			hasScannedForEncodings = 0;
			knownRegions = (
				en,
				Base,
				"zh-Hant",
				ja,
				es,
				ru,
				it,
				de,
				ko,
			);
			mainGroup = 60D7B82C21CA6FF700CE5F82;
			productRefGroup = 60D7B83621CA6FF700CE5F82 /* Products */;
			projectDirPath = "";
			projectRoot = "";
			targets = (
				60D7B83421CA6FF700CE5F82 /* WHDateTool */,
			);
		};
/* End PBXProject section */

/* Begin PBXResourcesBuildPhase section */
		60D7B83321CA6FF700CE5F82 /* Resources */ = {
			isa = PBXResourcesBuildPhase;
			buildActionMask = 2147483647;
			files = (
				605245AB221C1A9F00330A5C /* dateproToolstorestore_1024pt.png in Resources */,
				60D7B84321CA6FFB00CE5F82 /* LaunchScreen.storyboard in Resources */,
				60D7B89E21CA7A4700CE5F82 /* InfoPlist.strings in Resources */,
				60F1E96C21DDCE6900A75FAB /* SVProgressHUD.bundle in Resources */,
				60D7B8F021CA7BD400CE5F82 /* Localizable.strings in Resources */,
				60D7B84021CA6FFB00CE5F82 /* Assets.xcassets in Resources */,
				60D7B86F21CA710500CE5F82 /* Home.xib in Resources */,
				60D7B83E21CA6FF700CE5F82 /* Main.storyboard in Resources */,
			);
			runOnlyForDeploymentPostprocessing = 0;
		};
/* End PBXResourcesBuildPhase section */

/* Begin PBXSourcesBuildPhase section */
		60D7B83121CA6FF700CE5F82 /* Sources */ = {
			isa = PBXSourcesBuildPhase;
			buildActionMask = 2147483647;
			files = (
				60D7B90221CA7D2C00CE5F82 /* ToolManager.swift in Sources */,
				60D7B86121CA70F800CE5F82 /* CKWeekdayViewController.swift in Sources */,
				60D7B86021CA70F800CE5F82 /* Weekday.swift in Sources */,
				60D7B85B21CA70EE00CE5F82 /* CKLeapYearOutputCell.swift in Sources */,
				60D7B86D21CA710500CE5F82 /* WHHomeViewController.swift in Sources */,
				60F1E94F21DDCDE000A75FAB /* SDWebImageManager.m in Sources */,
				60D7B85021CA70E000CE5F82 /* Extensions.swift in Sources */,
				60F1E95021DDCDE000A75FAB /* SDWebImageDecoder.m in Sources */,
				60D7B85821CA70EE00CE5F82 /* CKLeapYearViewController.swift in Sources */,
				60F1E95521DDCDE000A75FAB /* SDWebImageCompat.m in Sources */,
				60D7B85221CA70E000CE5F82 /* WHMainTabBarController.swift in Sources */,
				60F1E95821DDCDE000A75FAB /* SDWebImageDownloaderOperation.m in Sources */,
				60F1E95A21DDCDE000A75FAB /* UIImageView+WebCache.m in Sources */,
				60D7B85321CA70E000CE5F82 /* Protocols.swift in Sources */,
				60D7B86321CA70F800CE5F82 /* CKWeedayOutputCell.swift in Sources */,
				60D7B87221CA710500CE5F82 /* WHDateDifferenceInputCell.swift in Sources */,
				60D7B85A21CA70EE00CE5F82 /* CKWeekMonthYearViewController.swift in Sources */,
				60F1E96A21DDCE6900A75FAB /* SVProgressHUD.m in Sources */,
				60D7B83921CA6FF700CE5F82 /* AppDelegate.swift in Sources */,
				60D7B90421CA7D8A00CE5F82 /* TableListViewController.swift in Sources */,
				60F1E96821DDCE6900A75FAB /* SVRadialGradientLayer.m in Sources */,
				60D7B85921CA70EE00CE5F82 /* CKMonthAndWeekViewController.swift in Sources */,
				60F1E92021DA470200A75FAB /* CKDateCalculatorViewController.m in Sources */,
				60F1E95321DDCDE000A75FAB /* UIImage+GIF.m in Sources */,
				60F1E95C21DDCDE000A75FAB /* UIButton+WebCache.m in Sources */,
				60D7B87021CA710500CE5F82 /* WHAddSubtractDateViewController.swift in Sources */,
				60F1E95921DDCDE000A75FAB /* NSData+ImageContentType.m in Sources */,
				60F1E95B21DDCDE000A75FAB /* UIView+WebCacheOperation.m in Sources */,
				60D7B86E21CA710500CE5F82 /* WHAddSubtractDateTableViewCell.swift in Sources */,
				60D7B86221CA70F800CE5F82 /* CKMonthJumpYearViewController.swift in Sources */,
				60F1E95221DDCDE000A75FAB /* SDWebImageDownloader.m in Sources */,
				60F1E94D21DDCDE000A75FAB /* UIImage+WebP.m in Sources */,
				60F1E95421DDCDE000A75FAB /* UIImage+MultiFormat.m in Sources */,
				60D7B86C21CA710500CE5F82 /* WHDateDifferenceViewController.swift in Sources */,
				60F1E96B21DDCE6900A75FAB /* SVIndefiniteAnimatedView.m in Sources */,
				60D7B87321CA710500CE5F82 /* DCDateDifferenceOutputCell.swift in Sources */,
				60D7B85121CA70E000CE5F82 /* Constants.swift in Sources */,
				60F1E95721DDCDE000A75FAB /* SDImageCache.m in Sources */,
				60F1E94E21DDCDE000A75FAB /* MKAnnotationView+WebCache.m in Sources */,
				60F1E95621DDCDE000A75FAB /* SDWebImagePrefetcher.m in Sources */,
				60F1E95121DDCDE000A75FAB /* UIImageView+HighlightedWebCache.m in Sources */,
				60D7B87121CA710500CE5F82 /* HomeView.swift in Sources */,
				60F1E96921DDCE6900A75FAB /* SVProgressAnimatedView.m in Sources */,
			);
			runOnlyForDeploymentPostprocessing = 0;
		};
/* End PBXSourcesBuildPhase section */

/* Begin PBXVariantGroup section */
		60D7B83C21CA6FF700CE5F82 /* Main.storyboard */ = {
			isa = PBXVariantGroup;
			children = (
				60D7B83D21CA6FF700CE5F82 /* Base */,
				60D7B87821CA792500CE5F82 /* zh-Hant */,
				60D7B87A21CA792D00CE5F82 /* ja */,
				60D7B87C21CA793500CE5F82 /* ru */,
				60D7B87E21CA794300CE5F82 /* es */,
				60D7B88221CA797700CE5F82 /* it */,
			);
			name = Main.storyboard;
			sourceTree = "<group>";
		};
		60D7B84121CA6FFB00CE5F82 /* LaunchScreen.storyboard */ = {
			isa = PBXVariantGroup;
			children = (
				60D7B84221CA6FFB00CE5F82 /* Base */,
				60D7B87921CA792500CE5F82 /* zh-Hant */,
				60D7B87B21CA792D00CE5F82 /* ja */,
				60D7B87D21CA793500CE5F82 /* ru */,
				60D7B87F21CA794400CE5F82 /* es */,
				60D7B88321CA797700CE5F82 /* it */,
			);
			name = LaunchScreen.storyboard;
			sourceTree = "<group>";
		};
		60D7B8A021CA7A4700CE5F82 /* InfoPlist.strings */ = {
			isa = PBXVariantGroup;
			children = (
				60D7B89F21CA7A4700CE5F82 /* en */,
				60D7B8A221CA7A4B00CE5F82 /* zh-Hant */,
				60D7B8A321CA7A5200CE5F82 /* ja */,
				60D7B8A421CA7A5300CE5F82 /* ru */,
				60D7B8A521CA7A5400CE5F82 /* es */,
				60D7B8A721CA7A5800CE5F82 /* it */,
				60D7B8ED21CA7B9200CE5F82 /* de */,
				60D7B8FB21CA7BF500CE5F82 /* ko */,
			);
			name = InfoPlist.strings;
			sourceTree = "<group>";
		};
		60D7B8F221CA7BD400CE5F82 /* Localizable.strings */ = {
			isa = PBXVariantGroup;
			children = (
				60D7B8F121CA7BD400CE5F82 /* en */,
				60D7B8F421CA7BD700CE5F82 /* zh-Hant */,
				60D7B8F521CA7BD800CE5F82 /* ja */,
				60D7B8F621CA7BD900CE5F82 /* es */,
				60D7B8F721CA7BDE00CE5F82 /* ru */,
				60D7B8F821CA7BDF00CE5F82 /* it */,
				60D7B8F921CA7BE100CE5F82 /* de */,
				60D7B8FA21CA7BED00CE5F82 /* ko */,
			);
			name = Localizable.strings;
			sourceTree = "<group>";
		};
/* End PBXVariantGroup section */

/* Begin XCBuildConfiguration section */
		60D7B84521CA6FFB00CE5F82 /* Debug */ = {
			isa = XCBuildConfiguration;
			buildSettings = {
				ALWAYS_SEARCH_USER_PATHS = NO;
				CLANG_ANALYZER_LOCALIZABILITY_NONLOCALIZED = YES;
				CLANG_ANALYZER_NONNULL = YES;
				CLANG_ANALYZER_NUMBER_OBJECT_CONVERSION = YES_AGGRESSIVE;
				CLANG_CXX_LANGUAGE_STANDARD = "gnu++14";
				CLANG_CXX_LIBRARY = "libc++";
				CLANG_ENABLE_MODULES = YES;
				CLANG_ENABLE_OBJC_ARC = YES;
				CLANG_ENABLE_OBJC_WEAK = YES;
				CLANG_WARN_BLOCK_CAPTURE_AUTORELEASING = YES;
				CLANG_WARN_BOOL_CONVERSION = YES;
				CLANG_WARN_COMMA = YES;
				CLANG_WARN_CONSTANT_CONVERSION = YES;
				CLANG_WARN_DEPRECATED_OBJC_IMPLEMENTATIONS = YES;
				CLANG_WARN_DIRECT_OBJC_ISA_USAGE = YES_ERROR;
				CLANG_WARN_DOCUMENTATION_COMMENTS = YES;
				CLANG_WARN_EMPTY_BODY = YES;
				CLANG_WARN_ENUM_CONVERSION = YES;
				CLANG_WARN_INFINITE_RECURSION = YES;
				CLANG_WARN_INT_CONVERSION = YES;
				CLANG_WARN_NON_LITERAL_NULL_CONVERSION = YES;
				CLANG_WARN_OBJC_IMPLICIT_RETAIN_SELF = YES;
				CLANG_WARN_OBJC_LITERAL_CONVERSION = YES;
				CLANG_WARN_OBJC_ROOT_CLASS = YES_ERROR;
				CLANG_WARN_RANGE_LOOP_ANALYSIS = YES;
				CLANG_WARN_STRICT_PROTOTYPES = YES;
				CLANG_WARN_SUSPICIOUS_MOVE = YES;
				CLANG_WARN_UNGUARDED_AVAILABILITY = YES_AGGRESSIVE;
				CLANG_WARN_UNREACHABLE_CODE = YES;
				CLANG_WARN__DUPLICATE_METHOD_MATCH = YES;
				CODE_SIGN_IDENTITY = "iPhone Developer";
				COPY_PHASE_STRIP = NO;
				DEBUG_INFORMATION_FORMAT = dwarf;
				ENABLE_STRICT_OBJC_MSGSEND = YES;
				ENABLE_TESTABILITY = YES;
				GCC_C_LANGUAGE_STANDARD = gnu11;
				GCC_DYNAMIC_NO_PIC = NO;
				GCC_NO_COMMON_BLOCKS = YES;
				GCC_OPTIMIZATION_LEVEL = 0;
				GCC_PREPROCESSOR_DEFINITIONS = (
					"DEBUG=1",
					"$(inherited)",
				);
				GCC_WARN_64_TO_32_BIT_CONVERSION = YES;
				GCC_WARN_ABOUT_RETURN_TYPE = YES_ERROR;
				GCC_WARN_UNDECLARED_SELECTOR = YES;
				GCC_WARN_UNINITIALIZED_AUTOS = YES_AGGRESSIVE;
				GCC_WARN_UNUSED_FUNCTION = YES;
				GCC_WARN_UNUSED_VARIABLE = YES;
				IPHONEOS_DEPLOYMENT_TARGET = 12.1;
				MTL_ENABLE_DEBUG_INFO = INCLUDE_SOURCE;
				MTL_FAST_MATH = YES;
				ONLY_ACTIVE_ARCH = YES;
				SDKROOT = iphoneos;
				SWIFT_ACTIVE_COMPILATION_CONDITIONS = DEBUG;
				SWIFT_OPTIMIZATION_LEVEL = "-Onone";
			};
			name = Debug;
		};
		60D7B84621CA6FFB00CE5F82 /* Release */ = {
			isa = XCBuildConfiguration;
			buildSettings = {
				ALWAYS_SEARCH_USER_PATHS = NO;
				CLANG_ANALYZER_LOCALIZABILITY_NONLOCALIZED = YES;
				CLANG_ANALYZER_NONNULL = YES;
				CLANG_ANALYZER_NUMBER_OBJECT_CONVERSION = YES_AGGRESSIVE;
				CLANG_CXX_LANGUAGE_STANDARD = "gnu++14";
				CLANG_CXX_LIBRARY = "libc++";
				CLANG_ENABLE_MODULES = YES;
				CLANG_ENABLE_OBJC_ARC = YES;
				CLANG_ENABLE_OBJC_WEAK = YES;
				CLANG_WARN_BLOCK_CAPTURE_AUTORELEASING = YES;
				CLANG_WARN_BOOL_CONVERSION = YES;
				CLANG_WARN_COMMA = YES;
				CLANG_WARN_CONSTANT_CONVERSION = YES;
				CLANG_WARN_DEPRECATED_OBJC_IMPLEMENTATIONS = YES;
				CLANG_WARN_DIRECT_OBJC_ISA_USAGE = YES_ERROR;
				CLANG_WARN_DOCUMENTATION_COMMENTS = YES;
				CLANG_WARN_EMPTY_BODY = YES;
				CLANG_WARN_ENUM_CONVERSION = YES;
				CLANG_WARN_INFINITE_RECURSION = YES;
				CLANG_WARN_INT_CONVERSION = YES;
				CLANG_WARN_NON_LITERAL_NULL_CONVERSION = YES;
				CLANG_WARN_OBJC_IMPLICIT_RETAIN_SELF = YES;
				CLANG_WARN_OBJC_LITERAL_CONVERSION = YES;
				CLANG_WARN_OBJC_ROOT_CLASS = YES_ERROR;
				CLANG_WARN_RANGE_LOOP_ANALYSIS = YES;
				CLANG_WARN_STRICT_PROTOTYPES = YES;
				CLANG_WARN_SUSPICIOUS_MOVE = YES;
				CLANG_WARN_UNGUARDED_AVAILABILITY = YES_AGGRESSIVE;
				CLANG_WARN_UNREACHABLE_CODE = YES;
				CLANG_WARN__DUPLICATE_METHOD_MATCH = YES;
				CODE_SIGN_IDENTITY = "iPhone Developer";
				COPY_PHASE_STRIP = NO;
				DEBUG_INFORMATION_FORMAT = "dwarf-with-dsym";
				ENABLE_NS_ASSERTIONS = NO;
				ENABLE_STRICT_OBJC_MSGSEND = YES;
				GCC_C_LANGUAGE_STANDARD = gnu11;
				GCC_NO_COMMON_BLOCKS = YES;
				GCC_WARN_64_TO_32_BIT_CONVERSION = YES;
				GCC_WARN_ABOUT_RETURN_TYPE = YES_ERROR;
				GCC_WARN_UNDECLARED_SELECTOR = YES;
				GCC_WARN_UNINITIALIZED_AUTOS = YES_AGGRESSIVE;
				GCC_WARN_UNUSED_FUNCTION = YES;
				GCC_WARN_UNUSED_VARIABLE = YES;
				IPHONEOS_DEPLOYMENT_TARGET = 12.1;
				MTL_ENABLE_DEBUG_INFO = NO;
				MTL_FAST_MATH = YES;
				SDKROOT = iphoneos;
				SWIFT_COMPILATION_MODE = wholemodule;
				SWIFT_OPTIMIZATION_LEVEL = "-O";
				VALIDATE_PRODUCT = YES;
			};
			name = Release;
		};
		60D7B84821CA6FFB00CE5F82 /* Debug */ = {
			isa = XCBuildConfiguration;
			buildSettings = {
				ASSETCATALOG_COMPILER_APPICON_NAME = AppIcon;
				CLANG_ENABLE_MODULES = YES;
				CODE_SIGN_ENTITLEMENTS = WHDateTool/WHDateTool.entitlements;
				CODE_SIGN_IDENTITY = "iPhone Developer";
				CODE_SIGN_STYLE = Automatic;
				DEVELOPMENT_TEAM = 89ZX38F8RD;
				INFOPLIST_FILE = WHDateTool/Info.plist;
				IPHONEOS_DEPLOYMENT_TARGET = 9.0;
				LD_RUNPATH_SEARCH_PATHS = (
					"$(inherited)",
					"@executable_path/Frameworks",
				);
				LIBRARY_SEARCH_PATHS = (
					"$(inherited)",
					"$(PROJECT_DIR)/WHDateTool/ToolClass/Jpush",
				);
				PRODUCT_BUNDLE_IDENTIFIER = com.DateproTool.app;
				PRODUCT_NAME = "$(TARGET_NAME)";
				PROVISIONING_PROFILE_SPECIFIER = "";
				SWIFT_OBJC_BRIDGING_HEADER = "WHDateTool/DateClass/Difference/WHDateTool-Bridging-Header.h";
				SWIFT_OPTIMIZATION_LEVEL = "-Onone";
				SWIFT_VERSION = 4.2;
				TARGETED_DEVICE_FAMILY = 1;
			};
			name = Debug;
		};
		60D7B84921CA6FFB00CE5F82 /* Release */ = {
			isa = XCBuildConfiguration;
			buildSettings = {
				ASSETCATALOG_COMPILER_APPICON_NAME = AppIcon;
				CLANG_ENABLE_MODULES = YES;
				CODE_SIGN_ENTITLEMENTS = WHDateTool/WHDateTool.entitlements;
				CODE_SIGN_IDENTITY = "iPhone Developer";
				CODE_SIGN_STYLE = Automatic;
				DEVELOPMENT_TEAM = 89ZX38F8RD;
				INFOPLIST_FILE = WHDateTool/Info.plist;
				IPHONEOS_DEPLOYMENT_TARGET = 9.0;
				LD_RUNPATH_SEARCH_PATHS = (
					"$(inherited)",
					"@executable_path/Frameworks",
				);
				LIBRARY_SEARCH_PATHS = (
					"$(inherited)",
					"$(PROJECT_DIR)/WHDateTool/ToolClass/Jpush",
				);
				PRODUCT_BUNDLE_IDENTIFIER = com.DateproTool.app;
				PRODUCT_NAME = "$(TARGET_NAME)";
				PROVISIONING_PROFILE_SPECIFIER = "";
				SWIFT_OBJC_BRIDGING_HEADER = "WHDateTool/DateClass/Difference/WHDateTool-Bridging-Header.h";
				SWIFT_VERSION = 4.2;
				TARGETED_DEVICE_FAMILY = 1;
			};
			name = Release;
		};
/* End XCBuildConfiguration section */

/* Begin XCConfigurationList section */
		60D7B83021CA6FF700CE5F82 /* Build configuration list for PBXProject "WHDateTool" */ = {
			isa = XCConfigurationList;
			buildConfigurations = (
				60D7B84521CA6FFB00CE5F82 /* Debug */,
				60D7B84621CA6FFB00CE5F82 /* Release */,
			);
			defaultConfigurationIsVisible = 0;
			defaultConfigurationName = Release;
		};
		60D7B84721CA6FFB00CE5F82 /* Build configuration list for PBXNativeTarget "WHDateTool" */ = {
			isa = XCConfigurationList;
			buildConfigurations = (
				60D7B84821CA6FFB00CE5F82 /* Debug */,
				60D7B84921CA6FFB00CE5F82 /* Release */,
			);
			defaultConfigurationIsVisible = 0;
			defaultConfigurationName = Release;
		};
/* End XCConfigurationList section */
	};
	rootObject = 60D7B82D21CA6FF700CE5F82 /* Project object */;
}
